
Microsoft Visual Studio Solution File, Format Version 12.00
Project("{FAE04EC0-301F-11D3-BF4B-00C04F79EFBC}") = "StudioOneLauncher", "StudioOneLauncher\StudioOneLauncher.csproj", "{EC85B7C3-966F-48AC-A4E1-41AA710BDEBE}"
EndProject
Global
	GlobalSection(SolutionConfigurationPlatforms) = preSolution
		Debug|Any CPU = Debug|Any CPU
		Release|Any CPU = Release|Any CPU
	EndGlobalSection
	GlobalSection(ProjectConfigurationPlatforms) = postSolution
		{EC85B7C3-966F-48AC-A4E1-41AA710BDEBE}.Debug|Any CPU.ActiveCfg = Debug|Any CPU
		{EC85B7C3-966F-48AC-A4E1-41AA710BDEBE}.Debug|Any CPU.Build.0 = Debug|Any CPU
		{EC85B7C3-966F-48AC-A4E1-41AA710BDEBE}.Release|Any CPU.ActiveCfg = Release|Any CPU
		{EC85B7C3-966F-48AC-A4E1-41AA710BDEBE}.Release|Any CPU.Build.0 = Release|Any CPU
	EndGlobalSection
EndGlobal
